
Microsoft Visual Studio Solution File, Format Version 12.00
# Visual Studio Version 16
VisualStudioVersion = 16.0.31829.152
MinimumVisualStudioVersion = 10.0.40219.1
Project("{FAE04EC0-301F-11D3-BF4B-00C04F79EFBC}") = "Big File Manipulator", "Big File Manipulator\Big File Manipulator.csproj", "{A9821125-7491-4162-BA2E-A67DA1516044}"
EndProject
Global
	GlobalSection(SolutionConfigurationPlatforms) = preSolution
		Debug|Any CPU = Debug|Any CPU
		Release|Any CPU = Release|Any CPU
	EndGlobalSection
	GlobalSection(ProjectConfigurationPlatforms) = postSolution
		{A9821125-7491-4162-BA2E-A67DA1516044}.Debug|Any CPU.ActiveCfg = Debug|Any CPU
		{A9821125-7491-4162-BA2E-A67DA1516044}.Debug|Any CPU.Build.0 = Debug|Any CPU
		{A9821125-7491-4162-BA2E-A67DA1516044}.Release|Any CPU.ActiveCfg = Release|Any CPU
		{A9821125-7491-4162-BA2E-A67DA1516044}.Release|Any CPU.Build.0 = Release|Any CPU
	EndGlobalSection
	GlobalSection(SolutionProperties) = preSolution
		HideSolutionNode = FALSE
	EndGlobalSection
	GlobalSection(ExtensibilityGlobals) = postSolution
		SolutionGuid = {12C75677-7501-4C20-9B84-C793B3C27B63}
	EndGlobalSection
EndGlobal
